
Microsoft Visual Studio Solution File, Format Version 12.00
# Visual Studio Version 17
VisualStudioVersion = 17.10.34928.147
MinimumVisualStudioVersion = 10.0.40219.1
Project("{FAE04EC0-301F-11D3-BF4B-00C04F79EFBC}") = "Practica 1-3", "Practica 1-3\Practica 1-3.csproj", "{252EACDA-FE9D-476E-BB39-8F371241BB16}"
EndProject
Global
	GlobalSection(SolutionConfigurationPlatforms) = preSolution
		Debug|Any CPU = Debug|Any CPU
		Release|Any CPU = Release|Any CPU
	EndGlobalSection
	GlobalSection(ProjectConfigurationPlatforms) = postSolution
		{252EACDA-FE9D-476E-BB39-8F371241BB16}.Debug|Any CPU.ActiveCfg = Debug|Any CPU
		{252EACDA-FE9D-476E-BB39-8F371241BB16}.Debug|Any CPU.Build.0 = Debug|Any CPU
		{252EACDA-FE9D-476E-BB39-8F371241BB16}.Release|Any CPU.ActiveCfg = Release|Any CPU
		{252EACDA-FE9D-476E-BB39-8F371241BB16}.Release|Any CPU.Build.0 = Release|Any CPU
	EndGlobalSection
	GlobalSection(SolutionProperties) = preSolution
		HideSolutionNode = FALSE
	EndGlobalSection
	GlobalSection(ExtensibilityGlobals) = postSolution
		SolutionGuid = {B2562C8D-E015-4DAA-A1D7-2F1F00057B0A}
	EndGlobalSection
EndGlobal
