
Microsoft Visual Studio Solution File, Format Version 12.00
# Visual Studio Version 17
VisualStudioVersion = 17.10.34928.147
MinimumVisualStudioVersion = 10.0.40219.1
Project("{FAE04EC0-301F-11D3-BF4B-00C04F79EFBC}") = "Practica 1-2", "Practica 1-2\Practica 1-2.csproj", "{9B73A183-9B4A-48B1-8B4C-0B26A33C6178}"
EndProject
Global
	GlobalSection(SolutionConfigurationPlatforms) = preSolution
		Debug|Any CPU = Debug|Any CPU
		Release|Any CPU = Release|Any CPU
	EndGlobalSection
	GlobalSection(ProjectConfigurationPlatforms) = postSolution
		{9B73A183-9B4A-48B1-8B4C-0B26A33C6178}.Debug|Any CPU.ActiveCfg = Debug|Any CPU
		{9B73A183-9B4A-48B1-8B4C-0B26A33C6178}.Debug|Any CPU.Build.0 = Debug|Any CPU
		{9B73A183-9B4A-48B1-8B4C-0B26A33C6178}.Release|Any CPU.ActiveCfg = Release|Any CPU
		{9B73A183-9B4A-48B1-8B4C-0B26A33C6178}.Release|Any CPU.Build.0 = Release|Any CPU
	EndGlobalSection
	GlobalSection(SolutionProperties) = preSolution
		HideSolutionNode = FALSE
	EndGlobalSection
	GlobalSection(ExtensibilityGlobals) = postSolution
		SolutionGuid = {1D880FA8-B00D-4F27-BF26-58D35DDA5A0A}
	EndGlobalSection
EndGlobal
